
Microsoft Visual Studio Solution File, Format Version 12.00
# Visual Studio Version 17
VisualStudioVersion = 17.9.34622.214
MinimumVisualStudioVersion = 10.0.40219.1
Project("{FAE04EC0-301F-11D3-BF4B-00C04F79EFBC}") = "Sabancı ENS491_492 Website", "Sabancı ENS491_492 Website\Sabancı ENS491_492 Website.csproj", "{DC63F417-7E24-4443-8E22-1345B8C16852}"
EndProject
Global
	GlobalSection(SolutionConfigurationPlatforms) = preSolution
		Debug|Any CPU = Debug|Any CPU
		Release|Any CPU = Release|Any CPU
	EndGlobalSection
	GlobalSection(ProjectConfigurationPlatforms) = postSolution
		{DC63F417-7E24-4443-8E22-1345B8C16852}.Debug|Any CPU.ActiveCfg = Debug|Any CPU
		{DC63F417-7E24-4443-8E22-1345B8C16852}.Debug|Any CPU.Build.0 = Debug|Any CPU
		{DC63F417-7E24-4443-8E22-1345B8C16852}.Release|Any CPU.ActiveCfg = Release|Any CPU
		{DC63F417-7E24-4443-8E22-1345B8C16852}.Release|Any CPU.Build.0 = Release|Any CPU
	EndGlobalSection
	GlobalSection(SolutionProperties) = preSolution
		HideSolutionNode = FALSE
	EndGlobalSection
	GlobalSection(ExtensibilityGlobals) = postSolution
		SolutionGuid = {B0AC21A7-41A0-4B17-A03D-12ADC30D4DDE}
	EndGlobalSection
EndGlobal
